
Microsoft Visual Studio Solution File, Format Version 12.00
# Visual Studio Version 16
VisualStudioVersion = 16.0.29230.61
MinimumVisualStudioVersion = 10.0.40219.1
Project("{9A19103F-16F7-4668-BE54-9A1E7A4F7556}") = "AutoWrapper", "AutoWrapper\AutoWrapper.csproj", "{065FE85E-A29E-40EB-B586-2582F8C676E2}"
EndProject
Global
	GlobalSection(SolutionConfigurationPlatforms) = preSolution
		Debug|Any CPU = Debug|Any CPU
		Release|Any CPU = Release|Any CPU
	EndGlobalSection
	GlobalSection(ProjectConfigurationPlatforms) = postSolution
		{065FE85E-A29E-40EB-B586-2582F8C676E2}.Debug|Any CPU.ActiveCfg = Debug|Any CPU
		{065FE85E-A29E-40EB-B586-2582F8C676E2}.Debug|Any CPU.Build.0 = Debug|Any CPU
		{065FE85E-A29E-40EB-B586-2582F8C676E2}.Release|Any CPU.ActiveCfg = Release|Any CPU
		{065FE85E-A29E-40EB-B586-2582F8C676E2}.Release|Any CPU.Build.0 = Release|Any CPU
	EndGlobalSection
	GlobalSection(SolutionProperties) = preSolution
		HideSolutionNode = FALSE
	EndGlobalSection
	GlobalSection(ExtensibilityGlobals) = postSolution
		SolutionGuid = {E16079F5-1298-45EC-B804-FAB979382C8D}
	EndGlobalSection
EndGlobal
