
Microsoft Visual Studio Solution File, Format Version 12.00
# Visual Studio Version 16
VisualStudioVersion = 16.0.29230.61
MinimumVisualStudioVersion = 10.0.40219.1
Project("{9A19103F-16F7-4668-BE54-9A1E7A4F7556}") = "AutoWrapper", "src\AutoWrapper\AutoWrapper.csproj", "{6257A261-6759-408D-B559-2995B6BCEF6B}"
EndProject
Project("{9A19103F-16F7-4668-BE54-9A1E7A4F7556}") = "AutoWrapper.Test", "src\AutoWrapper.Test\AutoWrapper.Test.csproj", "{0580B51E-E959-450F-B7BC-7315A4E30D00}"
EndProject
Global
	GlobalSection(SolutionConfigurationPlatforms) = preSolution
		Debug|Any CPU = Debug|Any CPU
		Release|Any CPU = Release|Any CPU
	EndGlobalSection
	GlobalSection(ProjectConfigurationPlatforms) = postSolution
		{6257A261-6759-408D-B559-2995B6BCEF6B}.Debug|Any CPU.ActiveCfg = Debug|Any CPU
		{6257A261-6759-408D-B559-2995B6BCEF6B}.Debug|Any CPU.Build.0 = Debug|Any CPU
		{6257A261-6759-408D-B559-2995B6BCEF6B}.Release|Any CPU.ActiveCfg = Release|Any CPU
		{6257A261-6759-408D-B559-2995B6BCEF6B}.Release|Any CPU.Build.0 = Release|Any CPU
		{0580B51E-E959-450F-B7BC-7315A4E30D00}.Debug|Any CPU.ActiveCfg = Debug|Any CPU
		{0580B51E-E959-450F-B7BC-7315A4E30D00}.Debug|Any CPU.Build.0 = Debug|Any CPU
		{0580B51E-E959-450F-B7BC-7315A4E30D00}.Release|Any CPU.ActiveCfg = Release|Any CPU
		{0580B51E-E959-450F-B7BC-7315A4E30D00}.Release|Any CPU.Build.0 = Release|Any CPU
	EndGlobalSection
	GlobalSection(SolutionProperties) = preSolution
		HideSolutionNode = FALSE
	EndGlobalSection
	GlobalSection(ExtensibilityGlobals) = postSolution
		SolutionGuid = {D0276B23-82B9-4372-95E8-631B10BB65D8}
	EndGlobalSection
EndGlobal
